// !$*UTF8*$!
{
	archiveVersion = 1;
	classes = {
	};
	objectVersion = 50;
	objects = {

/* Begin PBXBuildFile section */
		743DDF89254E9CAD0013FF6A /* AppDelegate.swift in Sources */ = {isa = PBXBuildFile; fileRef = 743DDF88254E9CAD0013FF6A /* AppDelegate.swift */; };
		743DDF8B254E9CAD0013FF6A /* SceneDelegate.swift in Sources */ = {isa = PBXBuildFile; fileRef = 743DDF8A254E9CAD0013FF6A /* SceneDelegate.swift */; };
		743DDF8D254E9CAD0013FF6A /* ViewController.swift in Sources */ = {isa = PBXBuildFile; fileRef = 743DDF8C254E9CAD0013FF6A /* ViewController.swift */; };
		743DDF90254E9CAD0013FF6A /* Main.storyboard in Resources */ = {isa = PBXBuildFile; fileRef = 743DDF8E254E9CAD0013FF6A /* Main.storyboard */; };
		743DDF92254E9CAE0013FF6A /* Assets.xcassets in Resources */ = {isa = PBXBuildFile; fileRef = 743DDF91254E9CAE0013FF6A /* Assets.xcassets */; };
		743DDF95254E9CAE0013FF6A /* LaunchScreen.storyboard in Resources */ = {isa = PBXBuildFile; fileRef = 743DDF93254E9CAE0013FF6A /* LaunchScreen.storyboard */; };
		743DDFA3254F01590013FF6A /* EmojiTableViewController.swift in Sources */ = {isa = PBXBuildFile; fileRef = 743DDFA2254F01590013FF6A /* EmojiTableViewController.swift */; };
		743DDFA6254F09660013FF6A /* EmojiTabaleViewCell.swift in Sources */ = {isa = PBXBuildFile; fileRef = 743DDFA5254F09660013FF6A /* EmojiTabaleViewCell.swift */; };
		74C5DECF26F5D3A200860F9B /* Screenshot07.png in Resources */ = {isa = PBXBuildFile; fileRef = 74C5DEC826F5D3A100860F9B /* Screenshot07.png */; };
		74C5DED026F5D3A200860F9B /* Screenshot04.png in Resources */ = {isa = PBXBuildFile; fileRef = 74C5DEC926F5D3A100860F9B /* Screenshot04.png */; };
		74C5DED126F5D3A200860F9B /* Screenshot01.png in Resources */ = {isa = PBXBuildFile; fileRef = 74C5DECA26F5D3A100860F9B /* Screenshot01.png */; };
		74C5DED226F5D3A200860F9B /* Screenshot03.png in Resources */ = {isa = PBXBuildFile; fileRef = 74C5DECB26F5D3A100860F9B /* Screenshot03.png */; };
		74C5DED326F5D3A200860F9B /* Screenshot05.png in Resources */ = {isa = PBXBuildFile; fileRef = 74C5DECC26F5D3A100860F9B /* Screenshot05.png */; };
		74C5DED426F5D3A200860F9B /* Screenshot02.png in Resources */ = {isa = PBXBuildFile; fileRef = 74C5DECD26F5D3A200860F9B /* Screenshot02.png */; };
		74C5DED526F5D3A200860F9B /* Screenshot06.png in Resources */ = {isa = PBXBuildFile; fileRef = 74C5DECE26F5D3A200860F9B /* Screenshot06.png */; };
		74E325972550728C00020778 /* EmojiModel.swift in Sources */ = {isa = PBXBuildFile; fileRef = 74E325962550728C00020778 /* EmojiModel.swift */; };
		74E3259A2550858700020778 /* NewEmojiTableViewController.swift in Sources */ = {isa = PBXBuildFile; fileRef = 74E325992550858700020778 /* NewEmojiTableViewController.swift */; };
/* End PBXBuildFile section */

/* Begin PBXFileReference section */
		743DDF85254E9CAD0013FF6A /* Emoji Reader.app */ = {isa = PBXFileReference; explicitFileType = wrapper.application; includeInIndex = 0; path = "Emoji Reader.app"; sourceTree = BUILT_PRODUCTS_DIR; };
		743DDF88254E9CAD0013FF6A /* AppDelegate.swift */ = {isa = PBXFileReference; lastKnownFileType = sourcecode.swift; path = AppDelegate.swift; sourceTree = "<group>"; };
		743DDF8A254E9CAD0013FF6A /* SceneDelegate.swift */ = {isa = PBXFileReference; lastKnownFileType = sourcecode.swift; path = SceneDelegate.swift; sourceTree = "<group>"; };
		743DDF8C254E9CAD0013FF6A /* ViewController.swift */ = {isa = PBXFileReference; lastKnownFileType = sourcecode.swift; path = ViewController.swift; sourceTree = "<group>"; };
		743DDF8F254E9CAD0013FF6A /* Base */ = {isa = PBXFileReference; lastKnownFileType = file.storyboard; name = Base; path = Base.lproj/Main.storyboard; sourceTree = "<group>"; };
		743DDF91254E9CAE0013FF6A /* Assets.xcassets */ = {isa = PBXFileReference; lastKnownFileType = folder.assetcatalog; path = Assets.xcassets; sourceTree = "<group>"; };
		743DDF94254E9CAE0013FF6A /* Base */ = {isa = PBXFileReference; lastKnownFileType = file.storyboard; name = Base; path = Base.lproj/LaunchScreen.storyboard; sourceTree = "<group>"; };
		743DDF96254E9CAE0013FF6A /* Info.plist */ = {isa = PBXFileReference; lastKnownFileType = text.plist.xml; path = Info.plist; sourceTree = "<group>"; };
		743DDFA2254F01590013FF6A /* EmojiTableViewController.swift */ = {isa = PBXFileReference; lastKnownFileType = sourcecode.swift; path = EmojiTableViewController.swift; sourceTree = "<group>"; };
		743DDFA5254F09660013FF6A /* EmojiTabaleViewCell.swift */ = {isa = PBXFileReference; lastKnownFileType = sourcecode.swift; path = EmojiTabaleViewCell.swift; sourceTree = "<group>"; };
		74C5DEC826F5D3A100860F9B /* Screenshot07.png */ = {isa = PBXFileReference; lastKnownFileType = image.png; path = Screenshot07.png; sourceTree = "<group>"; };
		74C5DEC926F5D3A100860F9B /* Screenshot04.png */ = {isa = PBXFileReference; lastKnownFileType = image.png; path = Screenshot04.png; sourceTree = "<group>"; };
		74C5DECA26F5D3A100860F9B /* Screenshot01.png */ = {isa = PBXFileReference; lastKnownFileType = image.png; path = Screenshot01.png; sourceTree = "<group>"; };
		74C5DECB26F5D3A100860F9B /* Screenshot03.png */ = {isa = PBXFileReference; lastKnownFileType = image.png; path = Screenshot03.png; sourceTree = "<group>"; };
		74C5DECC26F5D3A100860F9B /* Screenshot05.png */ = {isa = PBXFileReference; lastKnownFileType = image.png; path = Screenshot05.png; sourceTree = "<group>"; };
		74C5DECD26F5D3A200860F9B /* Screenshot02.png */ = {isa = PBXFileReference; lastKnownFileType = image.png; path = Screenshot02.png; sourceTree = "<group>"; };
		74C5DECE26F5D3A200860F9B /* Screenshot06.png */ = {isa = PBXFileReference; lastKnownFileType = image.png; path = Screenshot06.png; sourceTree = "<group>"; };
		74E325962550728C00020778 /* EmojiModel.swift */ = {isa = PBXFileReference; lastKnownFileType = sourcecode.swift; path = EmojiModel.swift; sourceTree = "<group>"; };
		74E325992550858700020778 /* NewEmojiTableViewController.swift */ = {isa = PBXFileReference; lastKnownFileType = sourcecode.swift; path = NewEmojiTableViewController.swift; sourceTree = "<group>"; };
/* End PBXFileReference section */

/* Begin PBXFrameworksBuildPhase section */
		743DDF82254E9CAD0013FF6A /* Frameworks */ = {
			isa = PBXFrameworksBuildPhase;
			buildActionMask = 2147483647;
			files = (
			);
			runOnlyForDeploymentPostprocessing = 0;
		};
/* End PBXFrameworksBuildPhase section */

/* Begin PBXGroup section */
		743DDF7C254E9CAD0013FF6A = {
			isa = PBXGroup;
			children = (
				74C5DEC726F4B70900860F9B /* Screenshots */,
				743DDF87254E9CAD0013FF6A /* Emoji Reader */,
				743DDF86254E9CAD0013FF6A /* Products */,
			);
			sourceTree = "<group>";
		};
		743DDF86254E9CAD0013FF6A /* Products */ = {
			isa = PBXGroup;
			children = (
				743DDF85254E9CAD0013FF6A /* Emoji Reader.app */,
			);
			name = Products;
			sourceTree = "<group>";
		};
		743DDF87254E9CAD0013FF6A /* Emoji Reader */ = {
			isa = PBXGroup;
			children = (
				743DDF88254E9CAD0013FF6A /* AppDelegate.swift */,
				743DDF8A254E9CAD0013FF6A /* SceneDelegate.swift */,
				743DDF8C254E9CAD0013FF6A /* ViewController.swift */,
				74E325962550728C00020778 /* EmojiModel.swift */,
				743DDFA2254F01590013FF6A /* EmojiTableViewController.swift */,
				74E325992550858700020778 /* NewEmojiTableViewController.swift */,
				743DDFA5254F09660013FF6A /* EmojiTabaleViewCell.swift */,
				743DDF8E254E9CAD0013FF6A /* Main.storyboard */,
				743DDF91254E9CAE0013FF6A /* Assets.xcassets */,
				743DDF93254E9CAE0013FF6A /* LaunchScreen.storyboard */,
				743DDF96254E9CAE0013FF6A /* Info.plist */,
			);
			path = "Emoji Reader";
			sourceTree = "<group>";
		};
		74C5DEC726F4B70900860F9B /* Screenshots */ = {
			isa = PBXGroup;
			children = (
				74C5DECA26F5D3A100860F9B /* Screenshot01.png */,
				74C5DECD26F5D3A200860F9B /* Screenshot02.png */,
				74C5DECB26F5D3A100860F9B /* Screenshot03.png */,
				74C5DEC926F5D3A100860F9B /* Screenshot04.png */,
				74C5DECC26F5D3A100860F9B /* Screenshot05.png */,
				74C5DECE26F5D3A200860F9B /* Screenshot06.png */,
				74C5DEC826F5D3A100860F9B /* Screenshot07.png */,
			);
			path = Screenshots;
			sourceTree = "<group>";
		};
/* End PBXGroup section */

/* Begin PBXNativeTarget section */
		743DDF84254E9CAD0013FF6A /* Emoji Reader */ = {
			isa = PBXNativeTarget;
			buildConfigurationList = 743DDF99254E9CAE0013FF6A /* Build configuration list for PBXNativeTarget "Emoji Reader" */;
			buildPhases = (
				743DDF81254E9CAD0013FF6A /* Sources */,
				743DDF82254E9CAD0013FF6A /* Frameworks */,
				743DDF83254E9CAD0013FF6A /* Resources */,
			);
			buildRules = (
			);
			dependencies = (
			);
			name = "Emoji Reader";
			productName = "Emoji Reader";
			productReference = 743DDF85254E9CAD0013FF6A /* Emoji Reader.app */;
			productType = "com.apple.product-type.application";
		};
/* End PBXNativeTarget section */

/* Begin PBXProject section */
		743DDF7D254E9CAD0013FF6A /* Project object */ = {
			isa = PBXProject;
			attributes = {
				LastSwiftUpdateCheck = 1210;
				LastUpgradeCheck = 1210;
				TargetAttributes = {
					743DDF84254E9CAD0013FF6A = {
						CreatedOnToolsVersion = 12.1;
					};
				};
			};
			buildConfigurationList = 743DDF80254E9CAD0013FF6A /* Build configuration list for PBXProject "Emoji Reader" */;
			compatibilityVersion = "Xcode 9.3";
			developmentRegion = en;
			hasScannedForEncodings = 0;
			knownRegions = (
				en,
				Base,
			);
			mainGroup = 743DDF7C254E9CAD0013FF6A;
			productRefGroup = 743DDF86254E9CAD0013FF6A /* Products */;
			projectDirPath = "";
			projectRoot = "";
			targets = (
				743DDF84254E9CAD0013FF6A /* Emoji Reader */,
			);
		};
/* End PBXProject section */

/* Begin PBXResourcesBuildPhase section */
		743DDF83254E9CAD0013FF6A /* Resources */ = {
			isa = PBXResourcesBuildPhase;
			buildActionMask = 2147483647;
			files = (
				74C5DECF26F5D3A200860F9B /* Screenshot07.png in Resources */,
				743DDF95254E9CAE0013FF6A /* LaunchScreen.storyboard in Resources */,
				74C5DED126F5D3A200860F9B /* Screenshot01.png in Resources */,
				74C5DED526F5D3A200860F9B /* Screenshot06.png in Resources */,
				743DDF92254E9CAE0013FF6A /* Assets.xcassets in Resources */,
				74C5DED026F5D3A200860F9B /* Screenshot04.png in Resources */,
				74C5DED426F5D3A200860F9B /* Screenshot02.png in Resources */,
				74C5DED226F5D3A200860F9B /* Screenshot03.png in Resources */,
				74C5DED326F5D3A200860F9B /* Screenshot05.png in Resources */,
				743DDF90254E9CAD0013FF6A /* Main.storyboard in Resources */,
			);
			runOnlyForDeploymentPostprocessing = 0;
		};
/* End PBXResourcesBuildPhase section */

/* Begin PBXSourcesBuildPhase section */
		743DDF81254E9CAD0013FF6A /* Sources */ = {
			isa = PBXSourcesBuildPhase;
			buildActionMask = 2147483647;
			files = (
				743DDFA3254F01590013FF6A /* EmojiTableViewController.swift in Sources */,
				743DDF8D254E9CAD0013FF6A /* ViewController.swift in Sources */,
				74E325972550728C00020778 /* EmojiModel.swift in Sources */,
				743DDFA6254F09660013FF6A /* EmojiTabaleViewCell.swift in Sources */,
				74E3259A2550858700020778 /* NewEmojiTableViewController.swift in Sources */,
				743DDF89254E9CAD0013FF6A /* AppDelegate.swift in Sources */,
				743DDF8B254E9CAD0013FF6A /* SceneDelegate.swift in Sources */,
			);
			runOnlyForDeploymentPostprocessing = 0;
		};
/* End PBXSourcesBuildPhase section */

/* Begin PBXVariantGroup section */
		743DDF8E254E9CAD0013FF6A /* Main.storyboard */ = {
			isa = PBXVariantGroup;
			children = (
				743DDF8F254E9CAD0013FF6A /* Base */,
			);
			name = Main.storyboard;
			sourceTree = "<group>";
		};
		743DDF93254E9CAE0013FF6A /* LaunchScreen.storyboard */ = {
			isa = PBXVariantGroup;
			children = (
				743DDF94254E9CAE0013FF6A /* Base */,
			);
			name = LaunchScreen.storyboard;
			sourceTree = "<group>";
		};
/* End PBXVariantGroup section */

/* Begin XCBuildConfiguration section */
		743DDF97254E9CAE0013FF6A /* Debug */ = {
			isa = XCBuildConfiguration;
			buildSettings = {
				ALWAYS_SEARCH_USER_PATHS = NO;
				CLANG_ANALYZER_NONNULL = YES;
				CLANG_ANALYZER_NUMBER_OBJECT_CONVERSION = YES_AGGRESSIVE;
				CLANG_CXX_LANGUAGE_STANDARD = "gnu++14";
				CLANG_CXX_LIBRARY = "libc++";
				CLANG_ENABLE_MODULES = YES;
				CLANG_ENABLE_OBJC_ARC = YES;
				CLANG_ENABLE_OBJC_WEAK = YES;
				CLANG_WARN_BLOCK_CAPTURE_AUTORELEASING = YES;
				CLANG_WARN_BOOL_CONVERSION = YES;
				CLANG_WARN_COMMA = YES;
				CLANG_WARN_CONSTANT_CONVERSION = YES;
				CLANG_WARN_DEPRECATED_OBJC_IMPLEMENTATIONS = YES;
				CLANG_WARN_DIRECT_OBJC_ISA_USAGE = YES_ERROR;
				CLANG_WARN_DOCUMENTATION_COMMENTS = YES;
				CLANG_WARN_EMPTY_BODY = YES;
				CLANG_WARN_ENUM_CONVERSION = YES;
				CLANG_WARN_INFINITE_RECURSION = YES;
				CLANG_WARN_INT_CONVERSION = YES;
				CLANG_WARN_NON_LITERAL_NULL_CONVERSION = YES;
				CLANG_WARN_OBJC_IMPLICIT_RETAIN_SELF = YES;
				CLANG_WARN_OBJC_LITERAL_CONVERSION = YES;
				CLANG_WARN_OBJC_ROOT_CLASS = YES_ERROR;
				CLANG_WARN_QUOTED_INCLUDE_IN_FRAMEWORK_HEADER = YES;
				CLANG_WARN_RANGE_LOOP_ANALYSIS = YES;
				CLANG_WARN_STRICT_PROTOTYPES = YES;
				CLANG_WARN_SUSPICIOUS_MOVE = YES;
				CLANG_WARN_UNGUARDED_AVAILABILITY = YES_AGGRESSIVE;
				CLANG_WARN_UNREACHABLE_CODE = YES;
				CLANG_WARN__DUPLICATE_METHOD_MATCH = YES;
				COPY_PHASE_STRIP = NO;
				DEBUG_INFORMATION_FORMAT = dwarf;
				ENABLE_STRICT_OBJC_MSGSEND = YES;
				ENABLE_TESTABILITY = YES;
				GCC_C_LANGUAGE_STANDARD = gnu11;
				GCC_DYNAMIC_NO_PIC = NO;
				GCC_NO_COMMON_BLOCKS = YES;
				GCC_OPTIMIZATION_LEVEL = 0;
				GCC_PREPROCESSOR_DEFINITIONS = (
					"DEBUG=1",
					"$(inherited)",
				);
				GCC_WARN_64_TO_32_BIT_CONVERSION = YES;
				GCC_WARN_ABOUT_RETURN_TYPE = YES_ERROR;
				GCC_WARN_UNDECLARED_SELECTOR = YES;
				GCC_WARN_UNINITIALIZED_AUTOS = YES_AGGRESSIVE;
				GCC_WARN_UNUSED_FUNCTION = YES;
				GCC_WARN_UNUSED_VARIABLE = YES;
				IPHONEOS_DEPLOYMENT_TARGET = 14.1;
				MTL_ENABLE_DEBUG_INFO = INCLUDE_SOURCE;
				MTL_FAST_MATH = YES;
				ONLY_ACTIVE_ARCH = YES;
				SDKROOT = iphoneos;
				SWIFT_ACTIVE_COMPILATION_CONDITIONS = DEBUG;
				SWIFT_OPTIMIZATION_LEVEL = "-Onone";
			};
			name = Debug;
		};
		743DDF98254E9CAE0013FF6A /* Release */ = {
			isa = XCBuildConfiguration;
			buildSettings = {
				ALWAYS_SEARCH_USER_PATHS = NO;
				CLANG_ANALYZER_NONNULL = YES;
				CLANG_ANALYZER_NUMBER_OBJECT_CONVERSION = YES_AGGRESSIVE;
				CLANG_CXX_LANGUAGE_STANDARD = "gnu++14";
				CLANG_CXX_LIBRARY = "libc++";
				CLANG_ENABLE_MODULES = YES;
				CLANG_ENABLE_OBJC_ARC = YES;
				CLANG_ENABLE_OBJC_WEAK = YES;
				CLANG_WARN_BLOCK_CAPTURE_AUTORELEASING = YES;
				CLANG_WARN_BOOL_CONVERSION = YES;
				CLANG_WARN_COMMA = YES;
				CLANG_WARN_CONSTANT_CONVERSION = YES;
				CLANG_WARN_DEPRECATED_OBJC_IMPLEMENTATIONS = YES;
				CLANG_WARN_DIRECT_OBJC_ISA_USAGE = YES_ERROR;
				CLANG_WARN_DOCUMENTATION_COMMENTS = YES;
				CLANG_WARN_EMPTY_BODY = YES;
				CLANG_WARN_ENUM_CONVERSION = YES;
				CLANG_WARN_INFINITE_RECURSION = YES;
				CLANG_WARN_INT_CONVERSION = YES;
				CLANG_WARN_NON_LITERAL_NULL_CONVERSION = YES;
				CLANG_WARN_OBJC_IMPLICIT_RETAIN_SELF = YES;
				CLANG_WARN_OBJC_LITERAL_CONVERSION = YES;
				CLANG_WARN_OBJC_ROOT_CLASS = YES_ERROR;
				CLANG_WARN_QUOTED_INCLUDE_IN_FRAMEWORK_HEADER = YES;
				CLANG_WARN_RANGE_LOOP_ANALYSIS = YES;
				CLANG_WARN_STRICT_PROTOTYPES = YES;
				CLANG_WARN_SUSPICIOUS_MOVE = YES;
				CLANG_WARN_UNGUARDED_AVAILABILITY = YES_AGGRESSIVE;
				CLANG_WARN_UNREACHABLE_CODE = YES;
				CLANG_WARN__DUPLICATE_METHOD_MATCH = YES;
				COPY_PHASE_STRIP = NO;
				DEBUG_INFORMATION_FORMAT = "dwarf-with-dsym";
				ENABLE_NS_ASSERTIONS = NO;
				ENABLE_STRICT_OBJC_MSGSEND = YES;
				GCC_C_LANGUAGE_STANDARD = gnu11;
				GCC_NO_COMMON_BLOCKS = YES;
				GCC_WARN_64_TO_32_BIT_CONVERSION = YES;
				GCC_WARN_ABOUT_RETURN_TYPE = YES_ERROR;
				GCC_WARN_UNDECLARED_SELECTOR = YES;
				GCC_WARN_UNINITIALIZED_AUTOS = YES_AGGRESSIVE;
				GCC_WARN_UNUSED_FUNCTION = YES;
				GCC_WARN_UNUSED_VARIABLE = YES;
				IPHONEOS_DEPLOYMENT_TARGET = 14.1;
				MTL_ENABLE_DEBUG_INFO = NO;
				MTL_FAST_MATH = YES;
				SDKROOT = iphoneos;
				SWIFT_COMPILATION_MODE = wholemodule;
				SWIFT_OPTIMIZATION_LEVEL = "-O";
				VALIDATE_PRODUCT = YES;
			};
			name = Release;
		};
		743DDF9A254E9CAE0013FF6A /* Debug */ = {
			isa = XCBuildConfiguration;
			buildSettings = {
				ASSETCATALOG_COMPILER_APPICON_NAME = AppIcon;
				ASSETCATALOG_COMPILER_GLOBAL_ACCENT_COLOR_NAME = AccentColor;
				CODE_SIGN_STYLE = Automatic;
				DEVELOPMENT_TEAM = 6747545FKZ;
				INFOPLIST_FILE = "Emoji Reader/Info.plist";
				IPHONEOS_DEPLOYMENT_TARGET = 14.0;
				LD_RUNPATH_SEARCH_PATHS = (
					"$(inherited)",
					"@executable_path/Frameworks",
				);
				PRODUCT_BUNDLE_IDENTIFIER = "Mikhail-Moskvichev.Emoji-Reader";
				PRODUCT_NAME = "$(TARGET_NAME)";
				SWIFT_VERSION = 5.0;
				TARGETED_DEVICE_FAMILY = "1,2";
			};
			name = Debug;
		};
		743DDF9B254E9CAE0013FF6A /* Release */ = {
			isa = XCBuildConfiguration;
			buildSettings = {
				ASSETCATALOG_COMPILER_APPICON_NAME = AppIcon;
				ASSETCATALOG_COMPILER_GLOBAL_ACCENT_COLOR_NAME = AccentColor;
				CODE_SIGN_STYLE = Automatic;
				DEVELOPMENT_TEAM = 6747545FKZ;
				INFOPLIST_FILE = "Emoji Reader/Info.plist";
				IPHONEOS_DEPLOYMENT_TARGET = 14.0;
				LD_RUNPATH_SEARCH_PATHS = (
					"$(inherited)",
					"@executable_path/Frameworks",
				);
				PRODUCT_BUNDLE_IDENTIFIER = "Mikhail-Moskvichev.Emoji-Reader";
				PRODUCT_NAME = "$(TARGET_NAME)";
				SWIFT_VERSION = 5.0;
				TARGETED_DEVICE_FAMILY = "1,2";
			};
			name = Release;
		};
/* End XCBuildConfiguration section */

/* Begin XCConfigurationList section */
		743DDF80254E9CAD0013FF6A /* Build configuration list for PBXProject "Emoji Reader" */ = {
			isa = XCConfigurationList;
			buildConfigurations = (
				743DDF97254E9CAE0013FF6A /* Debug */,
				743DDF98254E9CAE0013FF6A /* Release */,
			);
			defaultConfigurationIsVisible = 0;
			defaultConfigurationName = Release;
		};
		743DDF99254E9CAE0013FF6A /* Build configuration list for PBXNativeTarget "Emoji Reader" */ = {
			isa = XCConfigurationList;
			buildConfigurations = (
				743DDF9A254E9CAE0013FF6A /* Debug */,
				743DDF9B254E9CAE0013FF6A /* Release */,
			);
			defaultConfigurationIsVisible = 0;
			defaultConfigurationName = Release;
		};
/* End XCConfigurationList section */
	};
	rootObject = 743DDF7D254E9CAD0013FF6A /* Project object */;
}
